
Microsoft Visual Studio Solution File, Format Version 12.00
# Visual Studio Version 16
VisualStudioVersion = 16.0.30225.117
MinimumVisualStudioVersion = 10.0.40219.1
Project("{9A19103F-16F7-4668-BE54-9A1E7A4F7556}") = "ifound-api", "ifound-api.csproj", "{311A7D13-3B84-4F75-BA69-11BA04395CA8}"
EndProject
Project("{FAE04EC0-301F-11D3-BF4B-00C04F79EFBC}") = "ifound-unittests", "..\ifound-unittests\ifound-unittests.csproj", "{553BCEFE-F366-4A7F-B7BA-28DC08A623B4}"
EndProject
Global
	GlobalSection(SolutionConfigurationPlatforms) = preSolution
		Debug|Any CPU = Debug|Any CPU
		Release|Any CPU = Release|Any CPU
	EndGlobalSection
	GlobalSection(ProjectConfigurationPlatforms) = postSolution
		{311A7D13-3B84-4F75-BA69-11BA04395CA8}.Debug|Any CPU.ActiveCfg = Debug|Any CPU
		{311A7D13-3B84-4F75-BA69-11BA04395CA8}.Debug|Any CPU.Build.0 = Debug|Any CPU
		{311A7D13-3B84-4F75-BA69-11BA04395CA8}.Release|Any CPU.ActiveCfg = Release|Any CPU
		{311A7D13-3B84-4F75-BA69-11BA04395CA8}.Release|Any CPU.Build.0 = Release|Any CPU
		{553BCEFE-F366-4A7F-B7BA-28DC08A623B4}.Debug|Any CPU.ActiveCfg = Debug|Any CPU
		{553BCEFE-F366-4A7F-B7BA-28DC08A623B4}.Debug|Any CPU.Build.0 = Debug|Any CPU
		{553BCEFE-F366-4A7F-B7BA-28DC08A623B4}.Release|Any CPU.ActiveCfg = Release|Any CPU
		{553BCEFE-F366-4A7F-B7BA-28DC08A623B4}.Release|Any CPU.Build.0 = Release|Any CPU
	EndGlobalSection
	GlobalSection(SolutionProperties) = preSolution
		HideSolutionNode = FALSE
	EndGlobalSection
	GlobalSection(ExtensibilityGlobals) = postSolution
		SolutionGuid = {094CB59F-1158-4489-A6E6-BF73D3A0B67B}
	EndGlobalSection
EndGlobal
